
Microsoft Visual Studio Solution File, Format Version 12.00
# Visual Studio Version 16
VisualStudioVersion = 16.0.810.11
MinimumVisualStudioVersion = 10.0.40219.1
Project("{FAE04EC0-301F-11D3-BF4B-00C04F79EFBC}") = "OpenGLtest", "OpenGLtest\OpenGLtest.csproj", "{E819776B-5BA0-4676-8B74-C38E97E6CF77}"
EndProject
Global
	GlobalSection(SolutionConfigurationPlatforms) = preSolution
		Debug|anycpu = Debug|anycpu
		Release|anycpu = Release|anycpu
	EndGlobalSection
	GlobalSection(ProjectConfigurationPlatforms) = postSolution
		{E819776B-5BA0-4676-8B74-C38E97E6CF77}.Debug|anycpu.ActiveCfg = Debug|anycpu
		{E819776B-5BA0-4676-8B74-C38E97E6CF77}.Debug|anycpu.Build.0 = Debug|anycpu
		{E819776B-5BA0-4676-8B74-C38E97E6CF77}.Release|anycpu.ActiveCfg = Release|anycpu
		{E819776B-5BA0-4676-8B74-C38E97E6CF77}.Release|anycpu.Build.0 = Release|anycpu
	EndGlobalSection
	GlobalSection(SolutionProperties) = preSolution
		HideSolutionNode = FALSE
	EndGlobalSection
	GlobalSection(ExtensibilityGlobals) = postSolution
		SolutionGuid = {6167C61C-CA0D-4749-A786-B9E2ACB69387}
	EndGlobalSection
EndGlobal
